
Microsoft Visual Studio Solution File, Format Version 12.00
# Visual Studio Version 16
VisualStudioVersion = 16.0.31911.196
MinimumVisualStudioVersion = 10.0.40219.1
Project("{9A19103F-16F7-4668-BE54-9A1E7A4F7556}") = "P0_Store_Application", "P0_Store_Application.csproj", "{5E02C4C2-5C4E-4D46-BBC0-0A91B3706E26}"
EndProject
Project("{9A19103F-16F7-4668-BE54-9A1E7A4F7556}") = "InsertIntodatabase", "..\InsertIntodatabase\InsertIntodatabase.csproj", "{D6ACC413-A408-4CD9-A58A-4DB60051ABC2}"
EndProject
Global
	GlobalSection(SolutionConfigurationPlatforms) = preSolution
		Debug|Any CPU = Debug|Any CPU
		Release|Any CPU = Release|Any CPU
	EndGlobalSection
	GlobalSection(ProjectConfigurationPlatforms) = postSolution
		{5E02C4C2-5C4E-4D46-BBC0-0A91B3706E26}.Debug|Any CPU.ActiveCfg = Debug|Any CPU
		{5E02C4C2-5C4E-4D46-BBC0-0A91B3706E26}.Debug|Any CPU.Build.0 = Debug|Any CPU
		{5E02C4C2-5C4E-4D46-BBC0-0A91B3706E26}.Release|Any CPU.ActiveCfg = Release|Any CPU
		{5E02C4C2-5C4E-4D46-BBC0-0A91B3706E26}.Release|Any CPU.Build.0 = Release|Any CPU
		{D6ACC413-A408-4CD9-A58A-4DB60051ABC2}.Debug|Any CPU.ActiveCfg = Debug|Any CPU
		{D6ACC413-A408-4CD9-A58A-4DB60051ABC2}.Debug|Any CPU.Build.0 = Debug|Any CPU
		{D6ACC413-A408-4CD9-A58A-4DB60051ABC2}.Release|Any CPU.ActiveCfg = Release|Any CPU
		{D6ACC413-A408-4CD9-A58A-4DB60051ABC2}.Release|Any CPU.Build.0 = Release|Any CPU
	EndGlobalSection
	GlobalSection(SolutionProperties) = preSolution
		HideSolutionNode = FALSE
	EndGlobalSection
	GlobalSection(ExtensibilityGlobals) = postSolution
		SolutionGuid = {BADEF27D-4D71-4344-9DD6-95435A650E72}
	EndGlobalSection
EndGlobal
