
Microsoft Visual Studio Solution File, Format Version 12.00
# Visual Studio Version 17
VisualStudioVersion = 17.0.31919.166
MinimumVisualStudioVersion = 10.0.40219.1
Project("{FAE04EC0-301F-11D3-BF4B-00C04F79EFBC}") = "Client", "p0_Refactored-Daniel-Spillers\Client.csproj", "{937253B2-C1CE-4B03-AF45-907B32D820D5}"
EndProject
Project("{FAE04EC0-301F-11D3-BF4B-00C04F79EFBC}") = "Testing", "Testing\Testing.csproj", "{2B3C78EC-9549-4962-B272-AAEDF9C4611B}"
EndProject
Project("{FAE04EC0-301F-11D3-BF4B-00C04F79EFBC}") = "Storage", "Storage\Storage.csproj", "{A2580714-551C-49A9-A615-FE35A45E266C}"
EndProject
Project("{FAE04EC0-301F-11D3-BF4B-00C04F79EFBC}") = "Domain", "Domain\Domain.csproj", "{955C82A7-113D-4A30-9F63-8745488514F7}"
EndProject
Global
	GlobalSection(SolutionConfigurationPlatforms) = preSolution
		Debug|Any CPU = Debug|Any CPU
		Release|Any CPU = Release|Any CPU
	EndGlobalSection
	GlobalSection(ProjectConfigurationPlatforms) = postSolution
		{937253B2-C1CE-4B03-AF45-907B32D820D5}.Debug|Any CPU.ActiveCfg = Debug|Any CPU
		{937253B2-C1CE-4B03-AF45-907B32D820D5}.Debug|Any CPU.Build.0 = Debug|Any CPU
		{937253B2-C1CE-4B03-AF45-907B32D820D5}.Release|Any CPU.ActiveCfg = Release|Any CPU
		{937253B2-C1CE-4B03-AF45-907B32D820D5}.Release|Any CPU.Build.0 = Release|Any CPU
		{2B3C78EC-9549-4962-B272-AAEDF9C4611B}.Debug|Any CPU.ActiveCfg = Debug|Any CPU
		{2B3C78EC-9549-4962-B272-AAEDF9C4611B}.Debug|Any CPU.Build.0 = Debug|Any CPU
		{2B3C78EC-9549-4962-B272-AAEDF9C4611B}.Release|Any CPU.ActiveCfg = Release|Any CPU
		{2B3C78EC-9549-4962-B272-AAEDF9C4611B}.Release|Any CPU.Build.0 = Release|Any CPU
		{A2580714-551C-49A9-A615-FE35A45E266C}.Debug|Any CPU.ActiveCfg = Debug|Any CPU
		{A2580714-551C-49A9-A615-FE35A45E266C}.Debug|Any CPU.Build.0 = Debug|Any CPU
		{A2580714-551C-49A9-A615-FE35A45E266C}.Release|Any CPU.ActiveCfg = Release|Any CPU
		{A2580714-551C-49A9-A615-FE35A45E266C}.Release|Any CPU.Build.0 = Release|Any CPU
		{955C82A7-113D-4A30-9F63-8745488514F7}.Debug|Any CPU.ActiveCfg = Debug|Any CPU
		{955C82A7-113D-4A30-9F63-8745488514F7}.Debug|Any CPU.Build.0 = Debug|Any CPU
		{955C82A7-113D-4A30-9F63-8745488514F7}.Release|Any CPU.ActiveCfg = Release|Any CPU
		{955C82A7-113D-4A30-9F63-8745488514F7}.Release|Any CPU.Build.0 = Release|Any CPU
	EndGlobalSection
	GlobalSection(SolutionProperties) = preSolution
		HideSolutionNode = FALSE
	EndGlobalSection
	GlobalSection(ExtensibilityGlobals) = postSolution
		SolutionGuid = {6131A6C8-CD8A-4351-A582-8D1A4354E12C}
	EndGlobalSection
EndGlobal
