
Microsoft Visual Studio Solution File, Format Version 12.00
# Visual Studio Version 16
VisualStudioVersion = 16.0.31911.196
MinimumVisualStudioVersion = 10.0.40219.1
Project("{FAE04EC0-301F-11D3-BF4B-00C04F79EFBC}") = "CRUD", "CRUD.csproj", "{43B7BFC8-9151-4C12-8AC6-3270A02E7651}"
EndProject
Global
	GlobalSection(SolutionConfigurationPlatforms) = preSolution
		Debug|Any CPU = Debug|Any CPU
		Release|Any CPU = Release|Any CPU
	EndGlobalSection
	GlobalSection(ProjectConfigurationPlatforms) = postSolution
		{43B7BFC8-9151-4C12-8AC6-3270A02E7651}.Debug|Any CPU.ActiveCfg = Debug|Any CPU
		{43B7BFC8-9151-4C12-8AC6-3270A02E7651}.Debug|Any CPU.Build.0 = Debug|Any CPU
		{43B7BFC8-9151-4C12-8AC6-3270A02E7651}.Release|Any CPU.ActiveCfg = Release|Any CPU
		{43B7BFC8-9151-4C12-8AC6-3270A02E7651}.Release|Any CPU.Build.0 = Release|Any CPU
	EndGlobalSection
	GlobalSection(SolutionProperties) = preSolution
		HideSolutionNode = FALSE
	EndGlobalSection
	GlobalSection(ExtensibilityGlobals) = postSolution
		SolutionGuid = {FEE52B6C-815B-435E-8422-6626A7F7796F}
	EndGlobalSection
EndGlobal
