
Microsoft Visual Studio Solution File, Format Version 12.00
# Visual Studio Version 16
VisualStudioVersion = 16.0.31911.196
MinimumVisualStudioVersion = 10.0.40219.1
Project("{9A19103F-16F7-4668-BE54-9A1E7A4F7556}") = "p0_Daniel", "p0_Daniel\p0_Daniel.csproj", "{A6169AF1-9859-4A3D-951D-D9B9DB953190}"
EndProject
Project("{9A19103F-16F7-4668-BE54-9A1E7A4F7556}") = "Testing", "Testing\Testing.csproj", "{88439134-B3A4-4834-97DD-59BA2CC60165}"
	ProjectSection(ProjectDependencies) = postProject
		{A6169AF1-9859-4A3D-951D-D9B9DB953190} = {A6169AF1-9859-4A3D-951D-D9B9DB953190}
	EndProjectSection
EndProject
Global
	GlobalSection(SolutionConfigurationPlatforms) = preSolution
		Debug|Any CPU = Debug|Any CPU
		Release|Any CPU = Release|Any CPU
	EndGlobalSection
	GlobalSection(ProjectConfigurationPlatforms) = postSolution
		{A6169AF1-9859-4A3D-951D-D9B9DB953190}.Debug|Any CPU.ActiveCfg = Debug|Any CPU
		{A6169AF1-9859-4A3D-951D-D9B9DB953190}.Debug|Any CPU.Build.0 = Debug|Any CPU
		{A6169AF1-9859-4A3D-951D-D9B9DB953190}.Release|Any CPU.ActiveCfg = Release|Any CPU
		{A6169AF1-9859-4A3D-951D-D9B9DB953190}.Release|Any CPU.Build.0 = Release|Any CPU
		{88439134-B3A4-4834-97DD-59BA2CC60165}.Debug|Any CPU.ActiveCfg = Debug|Any CPU
		{88439134-B3A4-4834-97DD-59BA2CC60165}.Debug|Any CPU.Build.0 = Debug|Any CPU
		{88439134-B3A4-4834-97DD-59BA2CC60165}.Release|Any CPU.ActiveCfg = Release|Any CPU
		{88439134-B3A4-4834-97DD-59BA2CC60165}.Release|Any CPU.Build.0 = Release|Any CPU
	EndGlobalSection
	GlobalSection(SolutionProperties) = preSolution
		HideSolutionNode = FALSE
	EndGlobalSection
	GlobalSection(ExtensibilityGlobals) = postSolution
		SolutionGuid = {C9AF997F-361C-410F-930A-BFD4F00150A7}
	EndGlobalSection
EndGlobal
